
Microsoft Visual Studio Solution File, Format Version 12.00
# Visual Studio Version 17
VisualStudioVersion = 17.11.35312.102
MinimumVisualStudioVersion = 10.0.40219.1
Project("{9A19103F-16F7-4668-BE54-9A1E7A4F7556}") = "WebApiDapper", "WebApiDarper\WebApiDapper.csproj", "{462C4A12-F481-4A76-95C5-152A5ECF6399}"
EndProject
Global
	GlobalSection(SolutionConfigurationPlatforms) = preSolution
		Debug|Any CPU = Debug|Any CPU
		Release|Any CPU = Release|Any CPU
	EndGlobalSection
	GlobalSection(ProjectConfigurationPlatforms) = postSolution
		{462C4A12-F481-4A76-95C5-152A5ECF6399}.Debug|Any CPU.ActiveCfg = Debug|Any CPU
		{462C4A12-F481-4A76-95C5-152A5ECF6399}.Debug|Any CPU.Build.0 = Debug|Any CPU
		{462C4A12-F481-4A76-95C5-152A5ECF6399}.Release|Any CPU.ActiveCfg = Release|Any CPU
		{462C4A12-F481-4A76-95C5-152A5ECF6399}.Release|Any CPU.Build.0 = Release|Any CPU
	EndGlobalSection
	GlobalSection(SolutionProperties) = preSolution
		HideSolutionNode = FALSE
	EndGlobalSection
	GlobalSection(ExtensibilityGlobals) = postSolution
		SolutionGuid = {0E576980-6B5F-4920-B7FA-8D48CFF1D900}
	EndGlobalSection
EndGlobal
